// !$*UTF8*$!
{
 archiveVersion = 1;
 classes = {};
 objectVersion = 77;
 objects = {
  A10000000000000000000001 = {isa = PBXBuildFile; fileRef = A10000000000000000000011; };
  A10000000000000000000002 = {isa = PBXBuildFile; fileRef = A10000000000000000000012; };
  A10000000000000000000011 = {isa = PBXFileReference; lastKnownFileType = sourcecode.swift; path = DusterXApp.swift; sourceTree = "<group>"; };
  A10000000000000000000012 = {isa = PBXFileReference; lastKnownFileType = sourcecode.swift; path = ContentView.swift; sourceTree = "<group>"; };
  A10000000000000000000013 = {isa = PBXFileReference; lastKnownFileType = text.plist.xml; path = Info.plist; sourceTree = "<group>"; };
  A10000000000000000000020 = {isa = PBXFileReference; explicitFileType = wrapper.application; includeInIndex = 0; path = DusterX.app; sourceTree = BUILT_PRODUCTS_DIR; };
  A10000000000000000000030 = {isa = PBXGroup; children = (A10000000000000000000031,A10000000000000000000032); sourceTree = "<group>"; };
  A10000000000000000000031 = {isa = PBXGroup; children = (A10000000000000000000011,A10000000000000000000012,A10000000000000000000013); path = DusterX; sourceTree = "<group>"; };
  A10000000000000000000032 = {isa = PBXGroup; children = (A10000000000000000000020); name = Products; sourceTree = "<group>"; };
  A10000000000000000000040 = {isa = PBXFrameworksBuildPhase; buildActionMask = 2147483647; files = (); runOnlyForDeploymentPostprocessing = 0; };
  A10000000000000000000041 = {isa = PBXResourcesBuildPhase; buildActionMask = 2147483647; files = (); runOnlyForDeploymentPostprocessing = 0; };
  A10000000000000000000042 = {isa = PBXSourcesBuildPhase; buildActionMask = 2147483647; files = (A10000000000000000000001,A10000000000000000000002); runOnlyForDeploymentPostprocessing = 0; };
  A10000000000000000000050 = {isa = PBXNativeTarget; buildConfigurationList = A10000000000000000000071; buildPhases = (A10000000000000000000042,A10000000000000000000040,A10000000000000000000041); dependencies = (); name = DusterX; productName = DusterX; productReference = A10000000000000000000020; productType = "com.apple.product-type.application"; };
  A10000000000000000000060 = {isa = PBXProject; attributes = {LastUpgradeCheck = 2600; TargetAttributes = {A10000000000000000000050 = {CreatedOnToolsVersion = 26.0;};};}; buildConfigurationList = A10000000000000000000070; compatibilityVersion = "Xcode 15.0"; developmentRegion = en; hasScannedForEncodings = 0; knownRegions = (en,Base); mainGroup = A10000000000000000000030; productRefGroup = A10000000000000000000032; projectDirPath = ""; projectRoot = ""; targets = (A10000000000000000000050); };
  A10000000000000000000070 = {isa = XCConfigurationList; buildConfigurations = (A10000000000000000000082,A10000000000000000000083); defaultConfigurationIsVisible = 0; defaultConfigurationName = Release; };
  A10000000000000000000071 = {isa = XCConfigurationList; buildConfigurations = (A10000000000000000000080,A10000000000000000000081); defaultConfigurationIsVisible = 0; defaultConfigurationName = Release; };
  A10000000000000000000080 = {isa = XCBuildConfiguration; buildSettings = {CODE_SIGN_STYLE = Automatic; INFOPLIST_FILE = DusterX/Info.plist; IPHONEOS_DEPLOYMENT_TARGET = 17.0; PRODUCT_BUNDLE_IDENTIFIER = com.lucasbenjamin.dusterx; PRODUCT_NAME = "$(TARGET_NAME)"; SWIFT_VERSION = 5.0; TARGETED_DEVICE_FAMILY = "1,2"; }; name = Debug; };
  A10000000000000000000081 = {isa = XCBuildConfiguration; buildSettings = {CODE_SIGN_STYLE = Automatic; INFOPLIST_FILE = DusterX/Info.plist; IPHONEOS_DEPLOYMENT_TARGET = 17.0; PRODUCT_BUNDLE_IDENTIFIER = com.lucasbenjamin.dusterx; PRODUCT_NAME = "$(TARGET_NAME)"; SWIFT_VERSION = 5.0; TARGETED_DEVICE_FAMILY = "1,2"; }; name = Release; };
  A10000000000000000000082 = {isa = XCBuildConfiguration; buildSettings = {}; name = Debug; };
  A10000000000000000000083 = {isa = XCBuildConfiguration; buildSettings = {}; name = Release; };
 };
 rootObject = A10000000000000000000060;
}
